
Microsoft Visual Studio Solution File, Format Version 12.00
# Visual Studio Version 17
VisualStudioVersion = 17.14.36414.22 d17.14
MinimumVisualStudioVersion = 10.0.40219.1
Project("{FAE04EC0-301F-11D3-BF4B-00C04F79EFBC}") = "CMPG223_Prac", "CMPG223_Prac\CMPG223_Prac.csproj", "{A21A3975-A23D-4AC1-8B02-57B9269746D5}"
EndProject
Global
	GlobalSection(SolutionConfigurationPlatforms) = preSolution
		Debug|Any CPU = Debug|Any CPU
		Release|Any CPU = Release|Any CPU
	EndGlobalSection
	GlobalSection(ProjectConfigurationPlatforms) = postSolution
		{A21A3975-A23D-4AC1-8B02-57B9269746D5}.Debug|Any CPU.ActiveCfg = Debug|Any CPU
		{A21A3975-A23D-4AC1-8B02-57B9269746D5}.Debug|Any CPU.Build.0 = Debug|Any CPU
		{A21A3975-A23D-4AC1-8B02-57B9269746D5}.Release|Any CPU.ActiveCfg = Release|Any CPU
		{A21A3975-A23D-4AC1-8B02-57B9269746D5}.Release|Any CPU.Build.0 = Release|Any CPU
	EndGlobalSection
	GlobalSection(SolutionProperties) = preSolution
		HideSolutionNode = FALSE
	EndGlobalSection
	GlobalSection(ExtensibilityGlobals) = postSolution
		SolutionGuid = {EB575543-BC83-4009-B2BA-56A94B74BA5E}
	EndGlobalSection
EndGlobal
